// !$*UTF8*$!
{
	archiveVersion = 1;
	classes = {
	};
	objectVersion = 46;
	objects = {

/* Begin PBXBuildFile section */
		E212E0421CB4360B00526074 /* main.m in Sources */ = {isa = PBXBuildFile; fileRef = E212E0411CB4360B00526074 /* main.m */; };
		E212E0451CB4360B00526074 /* AppDelegate.m in Sources */ = {isa = PBXBuildFile; fileRef = E212E0441CB4360B00526074 /* AppDelegate.m */; };
		E212E0481CB4360B00526074 /* MoviePickerViewController.m in Sources */ = {isa = PBXBuildFile; fileRef = E212E0471CB4360B00526074 /* MoviePickerViewController.m */; };
		E212E04D1CB4360B00526074 /* Assets.xcassets in Resources */ = {isa = PBXBuildFile; fileRef = E212E04C1CB4360B00526074 /* Assets.xcassets */; };
		E212E0501CB4360B00526074 /* LaunchScreen.storyboard in Resources */ = {isa = PBXBuildFile; fileRef = E212E04E1CB4360B00526074 /* LaunchScreen.storyboard */; };
		E212E05B1CB4360B00526074 /* HeroSpinTests.m in Sources */ = {isa = PBXBuildFile; fileRef = E212E05A1CB4360B00526074 /* HeroSpinTests.m */; };
		E212E0661CB439C400526074 /* MoviePickerViewController.xib in Resources */ = {isa = PBXBuildFile; fileRef = E212E0651CB439C400526074 /* MoviePickerViewController.xib */; };
		E212E06A1CB440AE00526074 /* MovieDetailViewController.m in Sources */ = {isa = PBXBuildFile; fileRef = E212E0681CB440AE00526074 /* MovieDetailViewController.m */; };
		E212E06B1CB440AE00526074 /* MovieDetailViewController.xib in Resources */ = {isa = PBXBuildFile; fileRef = E212E0691CB440AE00526074 /* MovieDetailViewController.xib */; };
		E212E06F1CB454C300526074 /* HeroSelectorViewController.m in Sources */ = {isa = PBXBuildFile; fileRef = E212E06D1CB454C300526074 /* HeroSelectorViewController.m */; };
		E212E0701CB454C300526074 /* HeroSelectorViewController.xib in Resources */ = {isa = PBXBuildFile; fileRef = E212E06E1CB454C300526074 /* HeroSelectorViewController.xib */; };
/* End PBXBuildFile section */

/* Begin PBXContainerItemProxy section */
		E212E0571CB4360B00526074 /* PBXContainerItemProxy */ = {
			isa = PBXContainerItemProxy;
			containerPortal = E212E0351CB4360B00526074 /* Project object */;
			proxyType = 1;
			remoteGlobalIDString = E212E03C1CB4360B00526074;
			remoteInfo = HeroSpin;
		};
/* End PBXContainerItemProxy section */

/* Begin PBXFileReference section */
		E212E03D1CB4360B00526074 /* HeroSpin.app */ = {isa = PBXFileReference; explicitFileType = wrapper.application; includeInIndex = 0; path = HeroSpin.app; sourceTree = BUILT_PRODUCTS_DIR; };
		E212E0411CB4360B00526074 /* main.m */ = {isa = PBXFileReference; lastKnownFileType = sourcecode.c.objc; path = main.m; sourceTree = "<group>"; };
		E212E0431CB4360B00526074 /* AppDelegate.h */ = {isa = PBXFileReference; lastKnownFileType = sourcecode.c.h; path = AppDelegate.h; sourceTree = "<group>"; };
		E212E0441CB4360B00526074 /* AppDelegate.m */ = {isa = PBXFileReference; lastKnownFileType = sourcecode.c.objc; path = AppDelegate.m; sourceTree = "<group>"; };
		E212E0461CB4360B00526074 /* MoviePickerViewController.h */ = {isa = PBXFileReference; lastKnownFileType = sourcecode.c.h; path = MoviePickerViewController.h; sourceTree = "<group>"; };
		E212E0471CB4360B00526074 /* MoviePickerViewController.m */ = {isa = PBXFileReference; lastKnownFileType = sourcecode.c.objc; path = MoviePickerViewController.m; sourceTree = "<group>"; };
		E212E04C1CB4360B00526074 /* Assets.xcassets */ = {isa = PBXFileReference; lastKnownFileType = folder.assetcatalog; path = Assets.xcassets; sourceTree = "<group>"; };
		E212E04F1CB4360B00526074 /* Base */ = {isa = PBXFileReference; lastKnownFileType = file.storyboard; name = Base; path = Base.lproj/LaunchScreen.storyboard; sourceTree = "<group>"; };
		E212E0511CB4360B00526074 /* Info.plist */ = {isa = PBXFileReference; lastKnownFileType = text.plist.xml; path = Info.plist; sourceTree = "<group>"; };
		E212E0561CB4360B00526074 /* HeroSpinTests.xctest */ = {isa = PBXFileReference; explicitFileType = wrapper.cfbundle; includeInIndex = 0; path = HeroSpinTests.xctest; sourceTree = BUILT_PRODUCTS_DIR; };
		E212E05A1CB4360B00526074 /* HeroSpinTests.m */ = {isa = PBXFileReference; lastKnownFileType = sourcecode.c.objc; path = HeroSpinTests.m; sourceTree = "<group>"; };
		E212E05C1CB4360B00526074 /* Info.plist */ = {isa = PBXFileReference; lastKnownFileType = text.plist.xml; path = Info.plist; sourceTree = "<group>"; };
		E212E0651CB439C400526074 /* MoviePickerViewController.xib */ = {isa = PBXFileReference; fileEncoding = 4; lastKnownFileType = file.xib; path = MoviePickerViewController.xib; sourceTree = "<group>"; };
		E212E0671CB440AE00526074 /* MovieDetailViewController.h */ = {isa = PBXFileReference; fileEncoding = 4; lastKnownFileType = sourcecode.c.h; path = MovieDetailViewController.h; sourceTree = "<group>"; };
		E212E0681CB440AE00526074 /* MovieDetailViewController.m */ = {isa = PBXFileReference; fileEncoding = 4; lastKnownFileType = sourcecode.c.objc; path = MovieDetailViewController.m; sourceTree = "<group>"; };
		E212E0691CB440AE00526074 /* MovieDetailViewController.xib */ = {isa = PBXFileReference; fileEncoding = 4; lastKnownFileType = file.xib; path = MovieDetailViewController.xib; sourceTree = "<group>"; };
		E212E06C1CB454C300526074 /* HeroSelectorViewController.h */ = {isa = PBXFileReference; fileEncoding = 4; lastKnownFileType = sourcecode.c.h; path = HeroSelectorViewController.h; sourceTree = "<group>"; };
		E212E06D1CB454C300526074 /* HeroSelectorViewController.m */ = {isa = PBXFileReference; fileEncoding = 4; lastKnownFileType = sourcecode.c.objc; path = HeroSelectorViewController.m; sourceTree = "<group>"; };
		E212E06E1CB454C300526074 /* HeroSelectorViewController.xib */ = {isa = PBXFileReference; fileEncoding = 4; lastKnownFileType = file.xib; path = HeroSelectorViewController.xib; sourceTree = "<group>"; };
/* End PBXFileReference section */

/* Begin PBXFrameworksBuildPhase section */
		E212E03A1CB4360B00526074 /* Frameworks */ = {
			isa = PBXFrameworksBuildPhase;
			buildActionMask = 2147483647;
			files = (
			);
			runOnlyForDeploymentPostprocessing = 0;
		};
		E212E0531CB4360B00526074 /* Frameworks */ = {
			isa = PBXFrameworksBuildPhase;
			buildActionMask = 2147483647;
			files = (
			);
			runOnlyForDeploymentPostprocessing = 0;
		};
/* End PBXFrameworksBuildPhase section */

/* Begin PBXGroup section */
		E212E0341CB4360B00526074 = {
			isa = PBXGroup;
			children = (
				E212E03F1CB4360B00526074 /* HeroSpin */,
				E212E0591CB4360B00526074 /* HeroSpinTests */,
				E212E03E1CB4360B00526074 /* Products */,
			);
			sourceTree = "<group>";
		};
		E212E03E1CB4360B00526074 /* Products */ = {
			isa = PBXGroup;
			children = (
				E212E03D1CB4360B00526074 /* HeroSpin.app */,
				E212E0561CB4360B00526074 /* HeroSpinTests.xctest */,
			);
			name = Products;
			sourceTree = "<group>";
		};
		E212E03F1CB4360B00526074 /* HeroSpin */ = {
			isa = PBXGroup;
			children = (
				E212E0671CB440AE00526074 /* MovieDetailViewController.h */,
				E212E0681CB440AE00526074 /* MovieDetailViewController.m */,
				E212E0691CB440AE00526074 /* MovieDetailViewController.xib */,
				E212E0461CB4360B00526074 /* MoviePickerViewController.h */,
				E212E0471CB4360B00526074 /* MoviePickerViewController.m */,
				E212E0651CB439C400526074 /* MoviePickerViewController.xib */,
				E212E06C1CB454C300526074 /* HeroSelectorViewController.h */,
				E212E06D1CB454C300526074 /* HeroSelectorViewController.m */,
				E212E06E1CB454C300526074 /* HeroSelectorViewController.xib */,
				E212E0431CB4360B00526074 /* AppDelegate.h */,
				E212E0441CB4360B00526074 /* AppDelegate.m */,
				E212E04C1CB4360B00526074 /* Assets.xcassets */,
				E212E04E1CB4360B00526074 /* LaunchScreen.storyboard */,
				E212E0511CB4360B00526074 /* Info.plist */,
				E212E0401CB4360B00526074 /* Supporting Files */,
			);
			path = HeroSpin;
			sourceTree = "<group>";
		};
		E212E0401CB4360B00526074 /* Supporting Files */ = {
			isa = PBXGroup;
			children = (
				E212E0411CB4360B00526074 /* main.m */,
			);
			name = "Supporting Files";
			sourceTree = "<group>";
		};
		E212E0591CB4360B00526074 /* HeroSpinTests */ = {
			isa = PBXGroup;
			children = (
				E212E05A1CB4360B00526074 /* HeroSpinTests.m */,
				E212E05C1CB4360B00526074 /* Info.plist */,
			);
			path = HeroSpinTests;
			sourceTree = "<group>";
		};
/* End PBXGroup section */

/* Begin PBXNativeTarget section */
		E212E03C1CB4360B00526074 /* HeroSpin */ = {
			isa = PBXNativeTarget;
			buildConfigurationList = E212E05F1CB4360B00526074 /* Build configuration list for PBXNativeTarget "HeroSpin" */;
			buildPhases = (
				E212E0391CB4360B00526074 /* Sources */,
				E212E03A1CB4360B00526074 /* Frameworks */,
				E212E03B1CB4360B00526074 /* Resources */,
			);
			buildRules = (
			);
			dependencies = (
			);
			name = HeroSpin;
			productName = HeroSpin;
			productReference = E212E03D1CB4360B00526074 /* HeroSpin.app */;
			productType = "com.apple.product-type.application";
		};
		E212E0551CB4360B00526074 /* HeroSpinTests */ = {
			isa = PBXNativeTarget;
			buildConfigurationList = E212E0621CB4360B00526074 /* Build configuration list for PBXNativeTarget "HeroSpinTests" */;
			buildPhases = (
				E212E0521CB4360B00526074 /* Sources */,
				E212E0531CB4360B00526074 /* Frameworks */,
				E212E0541CB4360B00526074 /* Resources */,
			);
			buildRules = (
			);
			dependencies = (
				E212E0581CB4360B00526074 /* PBXTargetDependency */,
			);
			name = HeroSpinTests;
			productName = HeroSpinTests;
			productReference = E212E0561CB4360B00526074 /* HeroSpinTests.xctest */;
			productType = "com.apple.product-type.bundle.unit-test";
		};
/* End PBXNativeTarget section */

/* Begin PBXProject section */
		E212E0351CB4360B00526074 /* Project object */ = {
			isa = PBXProject;
			attributes = {
				LastUpgradeCheck = 0730;
				ORGANIZATIONNAME = "Peter Nagy";
				TargetAttributes = {
					E212E03C1CB4360B00526074 = {
						CreatedOnToolsVersion = 7.3;
						DevelopmentTeam = T95RVZ2RKX;
					};
					E212E0551CB4360B00526074 = {
						CreatedOnToolsVersion = 7.3;
						DevelopmentTeam = T95RVZ2RKX;
						TestTargetID = E212E03C1CB4360B00526074;
					};
				};
			};
			buildConfigurationList = E212E0381CB4360B00526074 /* Build configuration list for PBXProject "HeroSpin" */;
			compatibilityVersion = "Xcode 3.2";
			developmentRegion = English;
			hasScannedForEncodings = 0;
			knownRegions = (
				en,
				Base,
			);
			mainGroup = E212E0341CB4360B00526074;
			productRefGroup = E212E03E1CB4360B00526074 /* Products */;
			projectDirPath = "";
			projectRoot = "";
			targets = (
				E212E03C1CB4360B00526074 /* HeroSpin */,
				E212E0551CB4360B00526074 /* HeroSpinTests */,
			);
		};
/* End PBXProject section */

/* Begin PBXResourcesBuildPhase section */
		E212E03B1CB4360B00526074 /* Resources */ = {
			isa = PBXResourcesBuildPhase;
			buildActionMask = 2147483647;
			files = (
				E212E06B1CB440AE00526074 /* MovieDetailViewController.xib in Resources */,
				E212E0501CB4360B00526074 /* LaunchScreen.storyboard in Resources */,
				E212E0701CB454C300526074 /* HeroSelectorViewController.xib in Resources */,
				E212E0661CB439C400526074 /* MoviePickerViewController.xib in Resources */,
				E212E04D1CB4360B00526074 /* Assets.xcassets in Resources */,
			);
			runOnlyForDeploymentPostprocessing = 0;
		};
		E212E0541CB4360B00526074 /* Resources */ = {
			isa = PBXResourcesBuildPhase;
			buildActionMask = 2147483647;
			files = (
			);
			runOnlyForDeploymentPostprocessing = 0;
		};
/* End PBXResourcesBuildPhase section */

/* Begin PBXSourcesBuildPhase section */
		E212E0391CB4360B00526074 /* Sources */ = {
			isa = PBXSourcesBuildPhase;
			buildActionMask = 2147483647;
			files = (
				E212E06A1CB440AE00526074 /* MovieDetailViewController.m in Sources */,
				E212E0481CB4360B00526074 /* MoviePickerViewController.m in Sources */,
				E212E0451CB4360B00526074 /* AppDelegate.m in Sources */,
				E212E06F1CB454C300526074 /* HeroSelectorViewController.m in Sources */,
				E212E0421CB4360B00526074 /* main.m in Sources */,
			);
			runOnlyForDeploymentPostprocessing = 0;
		};
		E212E0521CB4360B00526074 /* Sources */ = {
			isa = PBXSourcesBuildPhase;
			buildActionMask = 2147483647;
			files = (
				E212E05B1CB4360B00526074 /* HeroSpinTests.m in Sources */,
			);
			runOnlyForDeploymentPostprocessing = 0;
		};
/* End PBXSourcesBuildPhase section */

/* Begin PBXTargetDependency section */
		E212E0581CB4360B00526074 /* PBXTargetDependency */ = {
			isa = PBXTargetDependency;
			target = E212E03C1CB4360B00526074 /* HeroSpin */;
			targetProxy = E212E0571CB4360B00526074 /* PBXContainerItemProxy */;
		};
/* End PBXTargetDependency section */

/* Begin PBXVariantGroup section */
		E212E04E1CB4360B00526074 /* LaunchScreen.storyboard */ = {
			isa = PBXVariantGroup;
			children = (
				E212E04F1CB4360B00526074 /* Base */,
			);
			name = LaunchScreen.storyboard;
			sourceTree = "<group>";
		};
/* End PBXVariantGroup section */

/* Begin XCBuildConfiguration section */
		E212E05D1CB4360B00526074 /* Debug */ = {
			isa = XCBuildConfiguration;
			buildSettings = {
				ALWAYS_SEARCH_USER_PATHS = NO;
				CLANG_ANALYZER_NONNULL = YES;
				CLANG_CXX_LANGUAGE_STANDARD = "gnu++0x";
				CLANG_CXX_LIBRARY = "libc++";
				CLANG_ENABLE_MODULES = YES;
				CLANG_ENABLE_OBJC_ARC = YES;
				CLANG_WARN_BOOL_CONVERSION = YES;
				CLANG_WARN_CONSTANT_CONVERSION = YES;
				CLANG_WARN_DIRECT_OBJC_ISA_USAGE = YES_ERROR;
				CLANG_WARN_EMPTY_BODY = YES;
				CLANG_WARN_ENUM_CONVERSION = YES;
				CLANG_WARN_INT_CONVERSION = YES;
				CLANG_WARN_OBJC_ROOT_CLASS = YES_ERROR;
				CLANG_WARN_UNREACHABLE_CODE = YES;
				CLANG_WARN__DUPLICATE_METHOD_MATCH = YES;
				"CODE_SIGN_IDENTITY[sdk=iphoneos*]" = "iPhone Developer";
				COPY_PHASE_STRIP = NO;
				DEBUG_INFORMATION_FORMAT = dwarf;
				ENABLE_STRICT_OBJC_MSGSEND = YES;
				ENABLE_TESTABILITY = YES;
				GCC_C_LANGUAGE_STANDARD = gnu99;
				GCC_DYNAMIC_NO_PIC = NO;
				GCC_NO_COMMON_BLOCKS = YES;
				GCC_OPTIMIZATION_LEVEL = 0;
				GCC_PREPROCESSOR_DEFINITIONS = (
					"DEBUG=1",
					"$(inherited)",
				);
				GCC_WARN_64_TO_32_BIT_CONVERSION = YES;
				GCC_WARN_ABOUT_RETURN_TYPE = YES_ERROR;
				GCC_WARN_UNDECLARED_SELECTOR = YES;
				GCC_WARN_UNINITIALIZED_AUTOS = YES_AGGRESSIVE;
				GCC_WARN_UNUSED_FUNCTION = YES;
				GCC_WARN_UNUSED_VARIABLE = YES;
				IPHONEOS_DEPLOYMENT_TARGET = 9.3;
				MTL_ENABLE_DEBUG_INFO = YES;
				ONLY_ACTIVE_ARCH = YES;
				SDKROOT = iphoneos;
			};
			name = Debug;
		};
		E212E05E1CB4360B00526074 /* Release */ = {
			isa = XCBuildConfiguration;
			buildSettings = {
				ALWAYS_SEARCH_USER_PATHS = NO;
				CLANG_ANALYZER_NONNULL = YES;
				CLANG_CXX_LANGUAGE_STANDARD = "gnu++0x";
				CLANG_CXX_LIBRARY = "libc++";
				CLANG_ENABLE_MODULES = YES;
				CLANG_ENABLE_OBJC_ARC = YES;
				CLANG_WARN_BOOL_CONVERSION = YES;
				CLANG_WARN_CONSTANT_CONVERSION = YES;
				CLANG_WARN_DIRECT_OBJC_ISA_USAGE = YES_ERROR;
				CLANG_WARN_EMPTY_BODY = YES;
				CLANG_WARN_ENUM_CONVERSION = YES;
				CLANG_WARN_INT_CONVERSION = YES;
				CLANG_WARN_OBJC_ROOT_CLASS = YES_ERROR;
				CLANG_WARN_UNREACHABLE_CODE = YES;
				CLANG_WARN__DUPLICATE_METHOD_MATCH = YES;
				"CODE_SIGN_IDENTITY[sdk=iphoneos*]" = "iPhone Developer";
				COPY_PHASE_STRIP = NO;
				DEBUG_INFORMATION_FORMAT = "dwarf-with-dsym";
				ENABLE_NS_ASSERTIONS = NO;
				ENABLE_STRICT_OBJC_MSGSEND = YES;
				GCC_C_LANGUAGE_STANDARD = gnu99;
				GCC_NO_COMMON_BLOCKS = YES;
				GCC_WARN_64_TO_32_BIT_CONVERSION = YES;
				GCC_WARN_ABOUT_RETURN_TYPE = YES_ERROR;
				GCC_WARN_UNDECLARED_SELECTOR = YES;
				GCC_WARN_UNINITIALIZED_AUTOS = YES_AGGRESSIVE;
				GCC_WARN_UNUSED_FUNCTION = YES;
				GCC_WARN_UNUSED_VARIABLE = YES;
				IPHONEOS_DEPLOYMENT_TARGET = 9.3;
				MTL_ENABLE_DEBUG_INFO = NO;
				SDKROOT = iphoneos;
				VALIDATE_PRODUCT = YES;
			};
			name = Release;
		};
		E212E0601CB4360B00526074 /* Debug */ = {
			isa = XCBuildConfiguration;
			buildSettings = {
				ASSETCATALOG_COMPILER_APPICON_NAME = AppIcon;
				INFOPLIST_FILE = HeroSpin/Info.plist;
				LD_RUNPATH_SEARCH_PATHS = "$(inherited) @executable_path/Frameworks";
				PRODUCT_BUNDLE_IDENTIFIER = petusa.github.io.HeroSpin;
				PRODUCT_NAME = "$(TARGET_NAME)";
			};
			name = Debug;
		};
		E212E0611CB4360B00526074 /* Release */ = {
			isa = XCBuildConfiguration;
			buildSettings = {
				ASSETCATALOG_COMPILER_APPICON_NAME = AppIcon;
				INFOPLIST_FILE = HeroSpin/Info.plist;
				LD_RUNPATH_SEARCH_PATHS = "$(inherited) @executable_path/Frameworks";
				PRODUCT_BUNDLE_IDENTIFIER = petusa.github.io.HeroSpin;
				PRODUCT_NAME = "$(TARGET_NAME)";
			};
			name = Release;
		};
		E212E0631CB4360B00526074 /* Debug */ = {
			isa = XCBuildConfiguration;
			buildSettings = {
				BUNDLE_LOADER = "$(TEST_HOST)";
				INFOPLIST_FILE = HeroSpinTests/Info.plist;
				LD_RUNPATH_SEARCH_PATHS = "$(inherited) @executable_path/Frameworks @loader_path/Frameworks";
				PRODUCT_BUNDLE_IDENTIFIER = petusa.github.io.HeroSpinTests;
				PRODUCT_NAME = "$(TARGET_NAME)";
				TEST_HOST = "$(BUILT_PRODUCTS_DIR)/HeroSpin.app/HeroSpin";
			};
			name = Debug;
		};
		E212E0641CB4360B00526074 /* Release */ = {
			isa = XCBuildConfiguration;
			buildSettings = {
				BUNDLE_LOADER = "$(TEST_HOST)";
				INFOPLIST_FILE = HeroSpinTests/Info.plist;
				LD_RUNPATH_SEARCH_PATHS = "$(inherited) @executable_path/Frameworks @loader_path/Frameworks";
				PRODUCT_BUNDLE_IDENTIFIER = petusa.github.io.HeroSpinTests;
				PRODUCT_NAME = "$(TARGET_NAME)";
				TEST_HOST = "$(BUILT_PRODUCTS_DIR)/HeroSpin.app/HeroSpin";
			};
			name = Release;
		};
/* End XCBuildConfiguration section */

/* Begin XCConfigurationList section */
		E212E0381CB4360B00526074 /* Build configuration list for PBXProject "HeroSpin" */ = {
			isa = XCConfigurationList;
			buildConfigurations = (
				E212E05D1CB4360B00526074 /* Debug */,
				E212E05E1CB4360B00526074 /* Release */,
			);
			defaultConfigurationIsVisible = 0;
			defaultConfigurationName = Release;
		};
		E212E05F1CB4360B00526074 /* Build configuration list for PBXNativeTarget "HeroSpin" */ = {
			isa = XCConfigurationList;
			buildConfigurations = (
				E212E0601CB4360B00526074 /* Debug */,
				E212E0611CB4360B00526074 /* Release */,
			);
			defaultConfigurationIsVisible = 0;
			defaultConfigurationName = Release;
		};
		E212E0621CB4360B00526074 /* Build configuration list for PBXNativeTarget "HeroSpinTests" */ = {
			isa = XCConfigurationList;
			buildConfigurations = (
				E212E0631CB4360B00526074 /* Debug */,
				E212E0641CB4360B00526074 /* Release */,
			);
			defaultConfigurationIsVisible = 0;
			defaultConfigurationName = Release;
		};
/* End XCConfigurationList section */
	};
	rootObject = E212E0351CB4360B00526074 /* Project object */;
}
